
Microsoft Visual Studio Solution File, Format Version 12.00
# Visual Studio Version 17
VisualStudioVersion = 17.11.35327.3
MinimumVisualStudioVersion = 10.0.40219.1
Project("{FAE04EC0-301F-11D3-BF4B-00C04F79EFBC}") = "kursyWalutMBPOlesJakub", "kursyWalutMBPOlesJakub\kursyWalutMBPOlesJakub.csproj", "{D990A630-0568-4F68-9096-DC2E6A00D58E}"
EndProject
Global
	GlobalSection(SolutionConfigurationPlatforms) = preSolution
		Debug|Any CPU = Debug|Any CPU
		Release|Any CPU = Release|Any CPU
	EndGlobalSection
	GlobalSection(ProjectConfigurationPlatforms) = postSolution
		{D990A630-0568-4F68-9096-DC2E6A00D58E}.Debug|Any CPU.ActiveCfg = Debug|Any CPU
		{D990A630-0568-4F68-9096-DC2E6A00D58E}.Debug|Any CPU.Build.0 = Debug|Any CPU
		{D990A630-0568-4F68-9096-DC2E6A00D58E}.Release|Any CPU.ActiveCfg = Release|Any CPU
		{D990A630-0568-4F68-9096-DC2E6A00D58E}.Release|Any CPU.Build.0 = Release|Any CPU
	EndGlobalSection
	GlobalSection(SolutionProperties) = preSolution
		HideSolutionNode = FALSE
	EndGlobalSection
	GlobalSection(ExtensibilityGlobals) = postSolution
		SolutionGuid = {8D83DC12-DA48-4464-BDF3-3E111C426EFC}
	EndGlobalSection
EndGlobal
